
Microsoft Visual Studio Solution File, Format Version 12.00
# Visual Studio Version 17
VisualStudioVersion = 17.0.31903.59
MinimumVisualStudioVersion = 10.0.40219.1
Project("{2150E333-8FDC-42A3-9474-1A3956D46DE8}") = "src", "src", "{7B9B6F70-D7C8-48D7-B738-696AF8E4D168}"
EndProject
Project("{FAE04EC0-301F-11D3-BF4B-00C04F79EFBC}") = "BadgerBJJ.Web", "src\BadgerBJJ.Web\BadgerBJJ.Web.csproj", "{3170E702-4770-4A90-BE06-EC6183D01872}"
EndProject
Project("{2150E333-8FDC-42A3-9474-1A3956D46DE8}") = "Modules", "Modules", "{2B7D39C8-32DE-4352-909B-39CA197E71A1}"
EndProject
Project("{FAE04EC0-301F-11D3-BF4B-00C04F79EFBC}") = "BadgerBJJ.Module", "src\Modules\BadgerBJJ.Module\BadgerBJJ.Module.csproj", "{131EDA4A-EA5E-4A9C-B068-B910A214D88E}"
EndProject
Project("{2150E333-8FDC-42A3-9474-1A3956D46DE8}") = "Themes", "Themes", "{44C0E7FE-91DA-44AC-A12C-5380CF04C2BF}"
EndProject
Project("{FAE04EC0-301F-11D3-BF4B-00C04F79EFBC}") = "BadgerBJJ.Theme", "src\Themes\BadgerBJJ.Theme\BadgerBJJ.Theme.csproj", "{EF5E3806-68E0-49BE-993D-50F2B0635E88}"
EndProject
Global
	GlobalSection(SolutionConfigurationPlatforms) = preSolution
		Debug|Any CPU = Debug|Any CPU
		Release|Any CPU = Release|Any CPU
	EndGlobalSection
	GlobalSection(SolutionProperties) = preSolution
		HideSolutionNode = FALSE
	EndGlobalSection
	GlobalSection(ProjectConfigurationPlatforms) = postSolution
		{3170E702-4770-4A90-BE06-EC6183D01872}.Debug|Any CPU.ActiveCfg = Debug|Any CPU
		{3170E702-4770-4A90-BE06-EC6183D01872}.Debug|Any CPU.Build.0 = Debug|Any CPU
		{3170E702-4770-4A90-BE06-EC6183D01872}.Release|Any CPU.ActiveCfg = Release|Any CPU
		{3170E702-4770-4A90-BE06-EC6183D01872}.Release|Any CPU.Build.0 = Release|Any CPU
		{131EDA4A-EA5E-4A9C-B068-B910A214D88E}.Debug|Any CPU.ActiveCfg = Debug|Any CPU
		{131EDA4A-EA5E-4A9C-B068-B910A214D88E}.Debug|Any CPU.Build.0 = Debug|Any CPU
		{131EDA4A-EA5E-4A9C-B068-B910A214D88E}.Release|Any CPU.ActiveCfg = Release|Any CPU
		{131EDA4A-EA5E-4A9C-B068-B910A214D88E}.Release|Any CPU.Build.0 = Release|Any CPU
		{EF5E3806-68E0-49BE-993D-50F2B0635E88}.Debug|Any CPU.ActiveCfg = Debug|Any CPU
		{EF5E3806-68E0-49BE-993D-50F2B0635E88}.Debug|Any CPU.Build.0 = Debug|Any CPU
		{EF5E3806-68E0-49BE-993D-50F2B0635E88}.Release|Any CPU.ActiveCfg = Release|Any CPU
		{EF5E3806-68E0-49BE-993D-50F2B0635E88}.Release|Any CPU.Build.0 = Release|Any CPU
	EndGlobalSection
	GlobalSection(NestedProjects) = preSolution
		{3170E702-4770-4A90-BE06-EC6183D01872} = {7B9B6F70-D7C8-48D7-B738-696AF8E4D168}
		{2B7D39C8-32DE-4352-909B-39CA197E71A1} = {7B9B6F70-D7C8-48D7-B738-696AF8E4D168}
		{131EDA4A-EA5E-4A9C-B068-B910A214D88E} = {2B7D39C8-32DE-4352-909B-39CA197E71A1}
		{44C0E7FE-91DA-44AC-A12C-5380CF04C2BF} = {7B9B6F70-D7C8-48D7-B738-696AF8E4D168}
		{EF5E3806-68E0-49BE-993D-50F2B0635E88} = {44C0E7FE-91DA-44AC-A12C-5380CF04C2BF}
	EndGlobalSection
EndGlobal
