
Microsoft Visual Studio Solution File, Format Version 12.00
# Visual Studio Version 17
VisualStudioVersion = 17.0.31903.59
MinimumVisualStudioVersion = 10.0.40219.1
Project("{2150E333-8FDC-42A3-9474-1A3956D46DE8}") = "src", "src", "{7B9B6F70-D7C8-48D7-B738-696AF8E4D168}"
EndProject
Project("{9A19103F-16F7-4668-BE54-9A1E7A4F7556}") = "BadgerBJJ.Web", "src\BadgerBJJ.Web\BadgerBJJ.Web.csproj", "{3170E702-4770-4A90-BE06-EC6183D01872}"
EndProject
Project("{2150E333-8FDC-42A3-9474-1A3956D46DE8}") = "Modules", "Modules", "{BC6467E7-F7FF-4178-AF63-016917CF0C65}"
EndProject
Project("{2150E333-8FDC-42A3-9474-1A3956D46DE8}") = "Themes", "Themes", "{98583707-D68A-49C1-B063-A08ADCD0B0A4}"
EndProject
Project("{FAE04EC0-301F-11D3-BF4B-00C04F79EFBC}") = "BadgerBJJ.MainTheme", "BadgerBJJ.MainTheme\BadgerBJJ.MainTheme.csproj", "{AC3F846B-9CF2-4296-8856-6AB0BCA75AAF}"
EndProject
Project("{FAE04EC0-301F-11D3-BF4B-00C04F79EFBC}") = "BadgerBJJ.AppointmentsModule", "BadgerBJJ.AppointmentsModule\BadgerBJJ.AppointmentsModule.csproj", "{6F3396C2-8C1F-4A83-9115-86EE887FFFE0}"
EndProject
Global
	GlobalSection(SolutionConfigurationPlatforms) = preSolution
		Debug|Any CPU = Debug|Any CPU
		Release|Any CPU = Release|Any CPU
	EndGlobalSection
	GlobalSection(ProjectConfigurationPlatforms) = postSolution
		{3170E702-4770-4A90-BE06-EC6183D01872}.Debug|Any CPU.ActiveCfg = Debug|Any CPU
		{3170E702-4770-4A90-BE06-EC6183D01872}.Debug|Any CPU.Build.0 = Debug|Any CPU
		{3170E702-4770-4A90-BE06-EC6183D01872}.Release|Any CPU.ActiveCfg = Release|Any CPU
		{3170E702-4770-4A90-BE06-EC6183D01872}.Release|Any CPU.Build.0 = Release|Any CPU
		{AC3F846B-9CF2-4296-8856-6AB0BCA75AAF}.Debug|Any CPU.ActiveCfg = Debug|Any CPU
		{AC3F846B-9CF2-4296-8856-6AB0BCA75AAF}.Debug|Any CPU.Build.0 = Debug|Any CPU
		{AC3F846B-9CF2-4296-8856-6AB0BCA75AAF}.Release|Any CPU.ActiveCfg = Release|Any CPU
		{AC3F846B-9CF2-4296-8856-6AB0BCA75AAF}.Release|Any CPU.Build.0 = Release|Any CPU
		{6F3396C2-8C1F-4A83-9115-86EE887FFFE0}.Debug|Any CPU.ActiveCfg = Debug|Any CPU
		{6F3396C2-8C1F-4A83-9115-86EE887FFFE0}.Debug|Any CPU.Build.0 = Debug|Any CPU
		{6F3396C2-8C1F-4A83-9115-86EE887FFFE0}.Release|Any CPU.ActiveCfg = Release|Any CPU
		{6F3396C2-8C1F-4A83-9115-86EE887FFFE0}.Release|Any CPU.Build.0 = Release|Any CPU
	EndGlobalSection
	GlobalSection(SolutionProperties) = preSolution
		HideSolutionNode = FALSE
	EndGlobalSection
	GlobalSection(NestedProjects) = preSolution
		{3170E702-4770-4A90-BE06-EC6183D01872} = {7B9B6F70-D7C8-48D7-B738-696AF8E4D168}
		{BC6467E7-F7FF-4178-AF63-016917CF0C65} = {7B9B6F70-D7C8-48D7-B738-696AF8E4D168}
		{98583707-D68A-49C1-B063-A08ADCD0B0A4} = {7B9B6F70-D7C8-48D7-B738-696AF8E4D168}
		{AC3F846B-9CF2-4296-8856-6AB0BCA75AAF} = {98583707-D68A-49C1-B063-A08ADCD0B0A4}
		{6F3396C2-8C1F-4A83-9115-86EE887FFFE0} = {BC6467E7-F7FF-4178-AF63-016917CF0C65}
	EndGlobalSection
	GlobalSection(ExtensibilityGlobals) = postSolution
		SolutionGuid = {9E81196E-DB79-4092-A9D6-0B2A61027B42}
	EndGlobalSection
EndGlobal
